
Microsoft Visual Studio Solution File, Format Version 12.00
# Visual Studio Version 16
VisualStudioVersion = 16.0.31313.79
MinimumVisualStudioVersion = 10.0.40219.1
Project("{9A19103F-16F7-4668-BE54-9A1E7A4F7556}") = "MusicJukeBoxSystem.API", "MusicJukeBoxSystem.API\MusicJukeBoxSystem.API.csproj", "{61086AFF-07AD-4B60-B494-6EEA1D0DC8AD}"
EndProject
Project("{9A19103F-16F7-4668-BE54-9A1E7A4F7556}") = "MusicJukeBoxSystem.Entities", "MusicJukeBoxSystem.Entities\MusicJukeBoxSystem.Entities.csproj", "{C6E769C6-DC06-45B3-ACF2-441A840C0A0B}"
EndProject
Project("{9A19103F-16F7-4668-BE54-9A1E7A4F7556}") = "MusicJukeBoxSystem.DataAccessLayer", "MusicJukeBoxSystem.DataAccessLayer\MusicJukeBoxSystem.DataAccessLayer.csproj", "{FB5EB115-CE9D-4386-9578-012C4DB4B7F0}"
EndProject
Project("{9A19103F-16F7-4668-BE54-9A1E7A4F7556}") = "MusicJukeBoxSystem.Exceptions", "MusicJukeBoxSystem.Exceptions\MusicJukeBoxSystem.Exceptions.csproj", "{C290BB13-4864-48F8-9330-3D4433545372}"
EndProject
Project("{9A19103F-16F7-4668-BE54-9A1E7A4F7556}") = "MusicJukeBoxSystem.Repositories.Services", "MusicJukeBoxSystem.Repositories.Services\MusicJukeBoxSystem.Repositories.Services.csproj", "{E7188FAC-52B2-4D6E-ACE4-14A7D0FC2565}"
EndProject
Project("{9A19103F-16F7-4668-BE54-9A1E7A4F7556}") = "MusicJukeBoxSystem.Repositories", "MusicJukeBoxSystem.Repositories\MusicJukeBoxSystem.Repositories.csproj", "{691F7776-9D64-4326-B8E8-6ED54F112AE4}"
EndProject
Project("{9A19103F-16F7-4668-BE54-9A1E7A4F7556}") = "MusicJukeBoxSystem.Repositories.Contracts", "MusicJukeBoxSystem.Repositories.Contracts\MusicJukeBoxSystem.Repositories.Contracts.csproj", "{E9DB5E4A-95E5-4E79-8AAD-8880425BD856}"
EndProject
Project("{9A19103F-16F7-4668-BE54-9A1E7A4F7556}") = "MusicJukeBoxSystem.Proxies", "MusicJukeBoxSystem.Proxies\MusicJukeBoxSystem.Proxies.csproj", "{96A653D6-410C-44FF-A487-7BA05106C54E}"
EndProject
Project("{9A19103F-16F7-4668-BE54-9A1E7A4F7556}") = "MusicJukeBoxSystem.ModelViewController", "MusicJukeBoxSystem.ModelViewController\MusicJukeBoxSystem.ModelViewController.csproj", "{90733A83-6E1A-4370-8A86-DA680AFD355B}"
EndProject
Global
	GlobalSection(SolutionConfigurationPlatforms) = preSolution
		Debug|Any CPU = Debug|Any CPU
		Release|Any CPU = Release|Any CPU
	EndGlobalSection
	GlobalSection(ProjectConfigurationPlatforms) = postSolution
		{61086AFF-07AD-4B60-B494-6EEA1D0DC8AD}.Debug|Any CPU.ActiveCfg = Debug|Any CPU
		{61086AFF-07AD-4B60-B494-6EEA1D0DC8AD}.Debug|Any CPU.Build.0 = Debug|Any CPU
		{61086AFF-07AD-4B60-B494-6EEA1D0DC8AD}.Release|Any CPU.ActiveCfg = Release|Any CPU
		{61086AFF-07AD-4B60-B494-6EEA1D0DC8AD}.Release|Any CPU.Build.0 = Release|Any CPU
		{C6E769C6-DC06-45B3-ACF2-441A840C0A0B}.Debug|Any CPU.ActiveCfg = Debug|Any CPU
		{C6E769C6-DC06-45B3-ACF2-441A840C0A0B}.Debug|Any CPU.Build.0 = Debug|Any CPU
		{C6E769C6-DC06-45B3-ACF2-441A840C0A0B}.Release|Any CPU.ActiveCfg = Release|Any CPU
		{C6E769C6-DC06-45B3-ACF2-441A840C0A0B}.Release|Any CPU.Build.0 = Release|Any CPU
		{FB5EB115-CE9D-4386-9578-012C4DB4B7F0}.Debug|Any CPU.ActiveCfg = Debug|Any CPU
		{FB5EB115-CE9D-4386-9578-012C4DB4B7F0}.Debug|Any CPU.Build.0 = Debug|Any CPU
		{FB5EB115-CE9D-4386-9578-012C4DB4B7F0}.Release|Any CPU.ActiveCfg = Release|Any CPU
		{FB5EB115-CE9D-4386-9578-012C4DB4B7F0}.Release|Any CPU.Build.0 = Release|Any CPU
		{C290BB13-4864-48F8-9330-3D4433545372}.Debug|Any CPU.ActiveCfg = Debug|Any CPU
		{C290BB13-4864-48F8-9330-3D4433545372}.Debug|Any CPU.Build.0 = Debug|Any CPU
		{C290BB13-4864-48F8-9330-3D4433545372}.Release|Any CPU.ActiveCfg = Release|Any CPU
		{C290BB13-4864-48F8-9330-3D4433545372}.Release|Any CPU.Build.0 = Release|Any CPU
		{E7188FAC-52B2-4D6E-ACE4-14A7D0FC2565}.Debug|Any CPU.ActiveCfg = Debug|Any CPU
		{E7188FAC-52B2-4D6E-ACE4-14A7D0FC2565}.Debug|Any CPU.Build.0 = Debug|Any CPU
		{E7188FAC-52B2-4D6E-ACE4-14A7D0FC2565}.Release|Any CPU.ActiveCfg = Release|Any CPU
		{E7188FAC-52B2-4D6E-ACE4-14A7D0FC2565}.Release|Any CPU.Build.0 = Release|Any CPU
		{691F7776-9D64-4326-B8E8-6ED54F112AE4}.Debug|Any CPU.ActiveCfg = Debug|Any CPU
		{691F7776-9D64-4326-B8E8-6ED54F112AE4}.Debug|Any CPU.Build.0 = Debug|Any CPU
		{691F7776-9D64-4326-B8E8-6ED54F112AE4}.Release|Any CPU.ActiveCfg = Release|Any CPU
		{691F7776-9D64-4326-B8E8-6ED54F112AE4}.Release|Any CPU.Build.0 = Release|Any CPU
		{E9DB5E4A-95E5-4E79-8AAD-8880425BD856}.Debug|Any CPU.ActiveCfg = Debug|Any CPU
		{E9DB5E4A-95E5-4E79-8AAD-8880425BD856}.Debug|Any CPU.Build.0 = Debug|Any CPU
		{E9DB5E4A-95E5-4E79-8AAD-8880425BD856}.Release|Any CPU.ActiveCfg = Release|Any CPU
		{E9DB5E4A-95E5-4E79-8AAD-8880425BD856}.Release|Any CPU.Build.0 = Release|Any CPU
		{96A653D6-410C-44FF-A487-7BA05106C54E}.Debug|Any CPU.ActiveCfg = Debug|Any CPU
		{96A653D6-410C-44FF-A487-7BA05106C54E}.Debug|Any CPU.Build.0 = Debug|Any CPU
		{96A653D6-410C-44FF-A487-7BA05106C54E}.Release|Any CPU.ActiveCfg = Release|Any CPU
		{96A653D6-410C-44FF-A487-7BA05106C54E}.Release|Any CPU.Build.0 = Release|Any CPU
		{90733A83-6E1A-4370-8A86-DA680AFD355B}.Debug|Any CPU.ActiveCfg = Debug|Any CPU
		{90733A83-6E1A-4370-8A86-DA680AFD355B}.Debug|Any CPU.Build.0 = Debug|Any CPU
		{90733A83-6E1A-4370-8A86-DA680AFD355B}.Release|Any CPU.ActiveCfg = Release|Any CPU
		{90733A83-6E1A-4370-8A86-DA680AFD355B}.Release|Any CPU.Build.0 = Release|Any CPU
	EndGlobalSection
	GlobalSection(SolutionProperties) = preSolution
		HideSolutionNode = FALSE
	EndGlobalSection
	GlobalSection(ExtensibilityGlobals) = postSolution
		SolutionGuid = {CCC17C9F-C686-4974-9631-280B9FCA91A1}
	EndGlobalSection
EndGlobal
